
Microsoft Visual Studio Solution File, Format Version 12.00
# Visual Studio 15
VisualStudioVersion = 15.0.26730.8
MinimumVisualStudioVersion = 10.0.40219.1
Project("{FAE04EC0-301F-11D3-BF4B-00C04F79EFBC}") = "DockerCICDFlowWebSite", "DockerCICDFlowWebSite\DockerCICDFlowWebSite.csproj", "{50A220AE-3C0F-4ACA-BB43-F436DB7D7B51}"
EndProject
Project("{E53339B2-1760-4266-BCC7-CA923CBCF16C}") = "docker-compose", "docker-compose.dcproj", "{D47ADCCF-336C-431E-B739-0EB8D04AC881}"
EndProject
Global
	GlobalSection(SolutionConfigurationPlatforms) = preSolution
		Debug|Any CPU = Debug|Any CPU
		Release|Any CPU = Release|Any CPU
	EndGlobalSection
	GlobalSection(ProjectConfigurationPlatforms) = postSolution
		{50A220AE-3C0F-4ACA-BB43-F436DB7D7B51}.Debug|Any CPU.ActiveCfg = Debug|Any CPU
		{50A220AE-3C0F-4ACA-BB43-F436DB7D7B51}.Debug|Any CPU.Build.0 = Debug|Any CPU
		{50A220AE-3C0F-4ACA-BB43-F436DB7D7B51}.Release|Any CPU.ActiveCfg = Release|Any CPU
		{50A220AE-3C0F-4ACA-BB43-F436DB7D7B51}.Release|Any CPU.Build.0 = Release|Any CPU
		{D47ADCCF-336C-431E-B739-0EB8D04AC881}.Debug|Any CPU.ActiveCfg = Debug|Any CPU
		{D47ADCCF-336C-431E-B739-0EB8D04AC881}.Debug|Any CPU.Build.0 = Debug|Any CPU
		{D47ADCCF-336C-431E-B739-0EB8D04AC881}.Release|Any CPU.ActiveCfg = Release|Any CPU
		{D47ADCCF-336C-431E-B739-0EB8D04AC881}.Release|Any CPU.Build.0 = Release|Any CPU
	EndGlobalSection
	GlobalSection(SolutionProperties) = preSolution
		HideSolutionNode = FALSE
	EndGlobalSection
	GlobalSection(ExtensibilityGlobals) = postSolution
		SolutionGuid = {CCA2B833-59DC-4768-8B6A-524C525A046D}
	EndGlobalSection
EndGlobal
